{
    "_readme": [
        "This file locks the dependencies of your project to a known state",
        "Read more about it at https://getcomposer.org/doc/01-basic-usage.md#installing-dependencies",
        "This file is @generated automatically"
    ],
    "content-hash": "06a23e700785414dfed324bb6b4de7df",
    "packages": [
        {
            "name": "uikit/uikit",
            "version": "v3.7.0",
            "source": {
                "type": "git",
                "url": "https://github.com/uikit/uikit.git",
                "reference": "3489a7594efcd8368cd6358255ab5b60d574b2b9"
            },
            "dist": {
                "type": "zip",
                "url": "https://api.github.com/repos/uikit/uikit/zipball/3489a7594efcd8368cd6358255ab5b60d574b2b9",
                "reference": "3489a7594efcd8368cd6358255ab5b60d574b2b9",
                "shasum": ""
            },
            "type": "library",
            "extra": {
                "branch-alias": {
                    "dev-master": "3.0.x-dev"
                }
            },
            "notification-url": "https://packagist.org/downloads/",
            "license": [
                "MIT"
            ],
            "description": "UIkit is a lightweight and modular front-end framework for developing fast and powerful web interfaces.",
            "homepage": "https://getuikit.com/",
            "support": {
                "issues": "https://github.com/uikit/uikit/issues",
                "source": "https://github.com/uikit/uikit/tree/v3.7.0"
            },
            "funding": [
                {
                    "url": "https://github.com/uikit",
                    "type": "github"
                }
            ],
            "time": "2021-06-29T09:07:04+00:00"
        }
    ],
    "packages-dev": [],
    "aliases": [],
    "minimum-stability": "stable",
    "stability-flags": [],
    "prefer-stable": false,
    "prefer-lowest": false,
    "platform": [],
    "platform-dev": [],
    "plugin-api-version": "2.1.0"
}
